
Microsoft Visual Studio Solution File, Format Version 12.00
# Visual Studio Version 17
VisualStudioVersion = 17.5.002.0
MinimumVisualStudioVersion = 10.0.40219.1
Project("{9A19103F-16F7-4668-BE54-9A1E7A4F7556}") = "aoc-2024-dotnet", "aoc-2024-dotnet.csproj", "{B5EE21B1-B0F7-4C58-9521-07D4BBEA7E61}"
EndProject
Project("{2150E333-8FDC-42A3-9474-1A3956D46DE8}") = "src", "src", "{BAA8F959-4806-4C6A-B943-DDDDD1534676}"
EndProject
Project("{FAE04EC0-301F-11D3-BF4B-00C04F79EFBC}") = "aoc-2-24-dotnet.Tests", "src\aoc-2-24-dotnet.Tests\aoc-2-24-dotnet.Tests.csproj", "{22A09E9E-93CD-4111-9FDC-BD3ED88C185E}"
EndProject
Global
	GlobalSection(SolutionConfigurationPlatforms) = preSolution
		Debug|Any CPU = Debug|Any CPU
		Release|Any CPU = Release|Any CPU
	EndGlobalSection
	GlobalSection(ProjectConfigurationPlatforms) = postSolution
		{B5EE21B1-B0F7-4C58-9521-07D4BBEA7E61}.Debug|Any CPU.ActiveCfg = Debug|Any CPU
		{B5EE21B1-B0F7-4C58-9521-07D4BBEA7E61}.Debug|Any CPU.Build.0 = Debug|Any CPU
		{B5EE21B1-B0F7-4C58-9521-07D4BBEA7E61}.Release|Any CPU.ActiveCfg = Release|Any CPU
		{B5EE21B1-B0F7-4C58-9521-07D4BBEA7E61}.Release|Any CPU.Build.0 = Release|Any CPU
		{22A09E9E-93CD-4111-9FDC-BD3ED88C185E}.Debug|Any CPU.ActiveCfg = Debug|Any CPU
		{22A09E9E-93CD-4111-9FDC-BD3ED88C185E}.Debug|Any CPU.Build.0 = Debug|Any CPU
		{22A09E9E-93CD-4111-9FDC-BD3ED88C185E}.Release|Any CPU.ActiveCfg = Release|Any CPU
		{22A09E9E-93CD-4111-9FDC-BD3ED88C185E}.Release|Any CPU.Build.0 = Release|Any CPU
	EndGlobalSection
	GlobalSection(SolutionProperties) = preSolution
		HideSolutionNode = FALSE
	EndGlobalSection
	GlobalSection(ExtensibilityGlobals) = postSolution
		SolutionGuid = {2B08A3C6-1D2F-484B-8ABE-ED45F3C13F50}
	EndGlobalSection
	GlobalSection(NestedProjects) = preSolution
		{22A09E9E-93CD-4111-9FDC-BD3ED88C185E} = {BAA8F959-4806-4C6A-B943-DDDDD1534676}
	EndGlobalSection
EndGlobal
