
Microsoft Visual Studio Solution File, Format Version 12.00
# Visual Studio Version 17
VisualStudioVersion = 17.0.31903.59
MinimumVisualStudioVersion = 10.0.40219.1
Project("{FAE04EC0-301F-11D3-BF4B-00C04F79EFBC}") = "aoc-2024-dotnet.Driver", "aoc-2024-dotnet.Driver\aoc-2024-dotnet.Driver.csproj", "{0EF5D13B-C915-41CE-8DE4-0842C4CC21D3}"
EndProject
Project("{FAE04EC0-301F-11D3-BF4B-00C04F79EFBC}") = "aoc-2024-dotnet.Library", "aoc-2024-dotnet.Library\aoc-2024-dotnet.Library.csproj", "{E7BB968C-6787-437D-8A55-CB6B1B0A35B2}"
EndProject
Project("{FAE04EC0-301F-11D3-BF4B-00C04F79EFBC}") = "aoc-2024-dotnet.Tests", "aoc-2024-dotnet.Tests\aoc-2024-dotnet.Tests.csproj", "{D751D299-304E-4906-84B0-F4FA44C8EC52}"
EndProject
Global
	GlobalSection(SolutionConfigurationPlatforms) = preSolution
		Debug|Any CPU = Debug|Any CPU
		Release|Any CPU = Release|Any CPU
	EndGlobalSection
	GlobalSection(SolutionProperties) = preSolution
		HideSolutionNode = FALSE
	EndGlobalSection
	GlobalSection(ProjectConfigurationPlatforms) = postSolution
		{0EF5D13B-C915-41CE-8DE4-0842C4CC21D3}.Debug|Any CPU.ActiveCfg = Debug|Any CPU
		{0EF5D13B-C915-41CE-8DE4-0842C4CC21D3}.Debug|Any CPU.Build.0 = Debug|Any CPU
		{0EF5D13B-C915-41CE-8DE4-0842C4CC21D3}.Release|Any CPU.ActiveCfg = Release|Any CPU
		{0EF5D13B-C915-41CE-8DE4-0842C4CC21D3}.Release|Any CPU.Build.0 = Release|Any CPU
		{E7BB968C-6787-437D-8A55-CB6B1B0A35B2}.Debug|Any CPU.ActiveCfg = Debug|Any CPU
		{E7BB968C-6787-437D-8A55-CB6B1B0A35B2}.Debug|Any CPU.Build.0 = Debug|Any CPU
		{E7BB968C-6787-437D-8A55-CB6B1B0A35B2}.Release|Any CPU.ActiveCfg = Release|Any CPU
		{E7BB968C-6787-437D-8A55-CB6B1B0A35B2}.Release|Any CPU.Build.0 = Release|Any CPU
		{D751D299-304E-4906-84B0-F4FA44C8EC52}.Debug|Any CPU.ActiveCfg = Debug|Any CPU
		{D751D299-304E-4906-84B0-F4FA44C8EC52}.Debug|Any CPU.Build.0 = Debug|Any CPU
		{D751D299-304E-4906-84B0-F4FA44C8EC52}.Release|Any CPU.ActiveCfg = Release|Any CPU
		{D751D299-304E-4906-84B0-F4FA44C8EC52}.Release|Any CPU.Build.0 = Release|Any CPU
	EndGlobalSection
EndGlobal
